
Microsoft Visual Studio Solution File, Format Version 12.00
# Visual Studio Version 16
VisualStudioVersion = 16.0.31402.337
MinimumVisualStudioVersion = 10.0.40219.1
Project("{FAE04EC0-301F-11D3-BF4B-00C04F79EFBC}") = "ACL-SIM", "ACL-SIM.csproj", "{08957ECC-5B6D-460C-A8AF-2A1F96E168A3}"
EndProject
Global
	GlobalSection(SolutionConfigurationPlatforms) = preSolution
		Debug|Any CPU = Debug|Any CPU
		Release|Any CPU = Release|Any CPU
	EndGlobalSection
	GlobalSection(ProjectConfigurationPlatforms) = postSolution
		{08957ECC-5B6D-460C-A8AF-2A1F96E168A3}.Debug|Any CPU.ActiveCfg = Debug|Any CPU
		{08957ECC-5B6D-460C-A8AF-2A1F96E168A3}.Debug|Any CPU.Build.0 = Debug|Any CPU
		{08957ECC-5B6D-460C-A8AF-2A1F96E168A3}.Release|Any CPU.ActiveCfg = Release|Any CPU
		{08957ECC-5B6D-460C-A8AF-2A1F96E168A3}.Release|Any CPU.Build.0 = Release|Any CPU
	EndGlobalSection
	GlobalSection(SolutionProperties) = preSolution
		HideSolutionNode = FALSE
	EndGlobalSection
	GlobalSection(ExtensibilityGlobals) = postSolution
		SolutionGuid = {C7568F95-3A34-4E3E-A24C-FBD7955A063F}
	EndGlobalSection
EndGlobal
